
Microsoft Visual Studio Solution File, Format Version 12.00
# Visual Studio Version 16
VisualStudioVersion = 16.0.31005.135
MinimumVisualStudioVersion = 10.0.40219.1
Project("{8BC9CEB8-8B4A-11D0-8D11-00A0C91BC942}") = "3DServer", "3DServer\3DServer.vcxproj", "{77F84859-EE09-47BE-B294-F9CAAA32504B}"
EndProject
Project("{8BC9CEB8-8B4A-11D0-8D11-00A0C91BC942}") = "TestOpenGL", "TestOpenGL\TestOpenGL.vcxproj", "{84241C65-6457-47F6-BE59-852F079FE075}"
EndProject
Project("{8BC9CEB8-8B4A-11D0-8D11-00A0C91BC942}") = "CodeTests", "CodeTests\CodeTests.vcxproj", "{396F0AF7-8050-4F62-BCC2-E8F748AF3B6E}"
EndProject
Global
	GlobalSection(SolutionConfigurationPlatforms) = preSolution
		Debug|x64 = Debug|x64
		Debug|x86 = Debug|x86
		Release|x64 = Release|x64
		Release|x86 = Release|x86
	EndGlobalSection
	GlobalSection(ProjectConfigurationPlatforms) = postSolution
		{77F84859-EE09-47BE-B294-F9CAAA32504B}.Debug|x64.ActiveCfg = Debug|x64
		{77F84859-EE09-47BE-B294-F9CAAA32504B}.Debug|x64.Build.0 = Debug|x64
		{77F84859-EE09-47BE-B294-F9CAAA32504B}.Debug|x86.ActiveCfg = Debug|Win32
		{77F84859-EE09-47BE-B294-F9CAAA32504B}.Debug|x86.Build.0 = Debug|Win32
		{77F84859-EE09-47BE-B294-F9CAAA32504B}.Release|x64.ActiveCfg = Release|x64
		{77F84859-EE09-47BE-B294-F9CAAA32504B}.Release|x64.Build.0 = Release|x64
		{77F84859-EE09-47BE-B294-F9CAAA32504B}.Release|x86.ActiveCfg = Release|Win32
		{77F84859-EE09-47BE-B294-F9CAAA32504B}.Release|x86.Build.0 = Release|Win32
		{84241C65-6457-47F6-BE59-852F079FE075}.Debug|x64.ActiveCfg = Debug|x64
		{84241C65-6457-47F6-BE59-852F079FE075}.Debug|x64.Build.0 = Debug|x64
		{84241C65-6457-47F6-BE59-852F079FE075}.Debug|x86.ActiveCfg = Debug|Win32
		{84241C65-6457-47F6-BE59-852F079FE075}.Debug|x86.Build.0 = Debug|Win32
		{84241C65-6457-47F6-BE59-852F079FE075}.Release|x64.ActiveCfg = Release|x64
		{84241C65-6457-47F6-BE59-852F079FE075}.Release|x64.Build.0 = Release|x64
		{84241C65-6457-47F6-BE59-852F079FE075}.Release|x86.ActiveCfg = Release|Win32
		{84241C65-6457-47F6-BE59-852F079FE075}.Release|x86.Build.0 = Release|Win32
		{396F0AF7-8050-4F62-BCC2-E8F748AF3B6E}.Debug|x64.ActiveCfg = Debug|x64
		{396F0AF7-8050-4F62-BCC2-E8F748AF3B6E}.Debug|x64.Build.0 = Debug|x64
		{396F0AF7-8050-4F62-BCC2-E8F748AF3B6E}.Debug|x86.ActiveCfg = Debug|Win32
		{396F0AF7-8050-4F62-BCC2-E8F748AF3B6E}.Debug|x86.Build.0 = Debug|Win32
		{396F0AF7-8050-4F62-BCC2-E8F748AF3B6E}.Release|x64.ActiveCfg = Release|x64
		{396F0AF7-8050-4F62-BCC2-E8F748AF3B6E}.Release|x64.Build.0 = Release|x64
		{396F0AF7-8050-4F62-BCC2-E8F748AF3B6E}.Release|x86.ActiveCfg = Release|Win32
		{396F0AF7-8050-4F62-BCC2-E8F748AF3B6E}.Release|x86.Build.0 = Release|Win32
	EndGlobalSection
	GlobalSection(SolutionProperties) = preSolution
		HideSolutionNode = FALSE
	EndGlobalSection
	GlobalSection(ExtensibilityGlobals) = postSolution
		SolutionGuid = {ACC6C9BA-CBE4-4B12-BDE9-34538DD76415}
	EndGlobalSection
EndGlobal
